
Microsoft Visual Studio Solution File, Format Version 12.00
# Visual Studio Version 16
VisualStudioVersion = 16.0.30406.217
MinimumVisualStudioVersion = 10.0.40219.1
Project("{8BC9CEB8-8B4A-11D0-8D11-00A0C91BC942}") = "luagraph", "luagraph.vcxproj", "{6429DC2C-556A-4F70-B5BB-C652FABC2A90}"
EndProject
Global
	GlobalSection(SolutionConfigurationPlatforms) = preSolution
		Debug|x64 = Debug|x64
		Debug|x86 = Debug|x86
		Release|x64 = Release|x64
		Release|x86 = Release|x86
	EndGlobalSection
	GlobalSection(ProjectConfigurationPlatforms) = postSolution
		{6429DC2C-556A-4F70-B5BB-C652FABC2A90}.Debug|x64.ActiveCfg = Debug|x64
		{6429DC2C-556A-4F70-B5BB-C652FABC2A90}.Debug|x64.Build.0 = Debug|x64
		{6429DC2C-556A-4F70-B5BB-C652FABC2A90}.Debug|x86.ActiveCfg = Debug|Win32
		{6429DC2C-556A-4F70-B5BB-C652FABC2A90}.Debug|x86.Build.0 = Debug|Win32
		{6429DC2C-556A-4F70-B5BB-C652FABC2A90}.Release|x64.ActiveCfg = Release|x64
		{6429DC2C-556A-4F70-B5BB-C652FABC2A90}.Release|x64.Build.0 = Release|x64
		{6429DC2C-556A-4F70-B5BB-C652FABC2A90}.Release|x86.ActiveCfg = Release|Win32
		{6429DC2C-556A-4F70-B5BB-C652FABC2A90}.Release|x86.Build.0 = Release|Win32
	EndGlobalSection
	GlobalSection(SolutionProperties) = preSolution
		HideSolutionNode = FALSE
	EndGlobalSection
	GlobalSection(ExtensibilityGlobals) = postSolution
		SolutionGuid = {B8B6AA9F-8816-4D0B-B780-0EED6248ECAA}
	EndGlobalSection
EndGlobal
